
Microsoft Visual Studio Solution File, Format Version 12.00
# Visual Studio Version 17
VisualStudioVersion = 17.4.33213.308
MinimumVisualStudioVersion = 10.0.40219.1
Project("{9A19103F-16F7-4668-BE54-9A1E7A4F7556}") = "MandrilAPI", "MandrilAPI\MandrilAPI.csproj", "{4CA5AB91-BF61-4FC3-A606-B0981C247F1D}"
EndProject
Project("{9A19103F-16F7-4668-BE54-9A1E7A4F7556}") = "MandrilBot", "MandrilBot\MandrilBot.csproj", "{C90AAC57-835D-4841-AF8A-E118D3345044}"
EndProject
Project("{2150E333-8FDC-42A3-9474-1A3956D46DE8}") = "TheGoodFramework", "TheGoodFramework", "{0848298D-5AAC-4467-B70E-EFBC23254DFF}"
EndProject
Project("{9A19103F-16F7-4668-BE54-9A1E7A4F7556}") = "TheGoodFramework.CA.Domain", "TheGoodFramework\TheGoodFramework.CA.Domain\TheGoodFramework.CA.Domain.csproj", "{CFDDA308-1A45-4FFB-8AE5-E5A9BF6146FF}"
EndProject
Project("{9A19103F-16F7-4668-BE54-9A1E7A4F7556}") = "TheGoodFramework.Extensions", "TheGoodFramework\TheGoodFramework.Extensions\TheGoodFramework.Extensions.csproj", "{C34A2274-FE77-4AF0-A118-F54A24442E4E}"
EndProject
Global
	GlobalSection(SolutionConfigurationPlatforms) = preSolution
		Debug|Any CPU = Debug|Any CPU
		Release|Any CPU = Release|Any CPU
	EndGlobalSection
	GlobalSection(ProjectConfigurationPlatforms) = postSolution
		{4CA5AB91-BF61-4FC3-A606-B0981C247F1D}.Debug|Any CPU.ActiveCfg = Debug|Any CPU
		{4CA5AB91-BF61-4FC3-A606-B0981C247F1D}.Debug|Any CPU.Build.0 = Debug|Any CPU
		{4CA5AB91-BF61-4FC3-A606-B0981C247F1D}.Release|Any CPU.ActiveCfg = Release|Any CPU
		{4CA5AB91-BF61-4FC3-A606-B0981C247F1D}.Release|Any CPU.Build.0 = Release|Any CPU
		{C90AAC57-835D-4841-AF8A-E118D3345044}.Debug|Any CPU.ActiveCfg = Debug|Any CPU
		{C90AAC57-835D-4841-AF8A-E118D3345044}.Debug|Any CPU.Build.0 = Debug|Any CPU
		{C90AAC57-835D-4841-AF8A-E118D3345044}.Release|Any CPU.ActiveCfg = Release|Any CPU
		{C90AAC57-835D-4841-AF8A-E118D3345044}.Release|Any CPU.Build.0 = Release|Any CPU
		{CFDDA308-1A45-4FFB-8AE5-E5A9BF6146FF}.Debug|Any CPU.ActiveCfg = Debug|Any CPU
		{CFDDA308-1A45-4FFB-8AE5-E5A9BF6146FF}.Debug|Any CPU.Build.0 = Debug|Any CPU
		{CFDDA308-1A45-4FFB-8AE5-E5A9BF6146FF}.Release|Any CPU.ActiveCfg = Release|Any CPU
		{CFDDA308-1A45-4FFB-8AE5-E5A9BF6146FF}.Release|Any CPU.Build.0 = Release|Any CPU
		{C34A2274-FE77-4AF0-A118-F54A24442E4E}.Debug|Any CPU.ActiveCfg = Debug|Any CPU
		{C34A2274-FE77-4AF0-A118-F54A24442E4E}.Debug|Any CPU.Build.0 = Debug|Any CPU
		{C34A2274-FE77-4AF0-A118-F54A24442E4E}.Release|Any CPU.ActiveCfg = Release|Any CPU
		{C34A2274-FE77-4AF0-A118-F54A24442E4E}.Release|Any CPU.Build.0 = Release|Any CPU
	EndGlobalSection
	GlobalSection(SolutionProperties) = preSolution
		HideSolutionNode = FALSE
	EndGlobalSection
	GlobalSection(NestedProjects) = preSolution
		{CFDDA308-1A45-4FFB-8AE5-E5A9BF6146FF} = {0848298D-5AAC-4467-B70E-EFBC23254DFF}
		{C34A2274-FE77-4AF0-A118-F54A24442E4E} = {0848298D-5AAC-4467-B70E-EFBC23254DFF}
	EndGlobalSection
	GlobalSection(ExtensibilityGlobals) = postSolution
		SolutionGuid = {AAF8175B-531E-4073-91F1-E5139E144583}
	EndGlobalSection
EndGlobal
