
Microsoft Visual Studio Solution File, Format Version 12.00
# Visual Studio Version 17
VisualStudioVersion = 17.4.33213.308
MinimumVisualStudioVersion = 10.0.40219.1
Project("{2150E333-8FDC-42A3-9474-1A3956D46DE8}") = "TheGoodFramework", "TheGoodFramework", "{0848298D-5AAC-4467-B70E-EFBC23254DFF}"
EndProject
Project("{2150E333-8FDC-42A3-9474-1A3956D46DE8}") = "src", "src", "{F11AC887-C407-482C-B0C0-A477225A7C2D}"
EndProject
Project("{2150E333-8FDC-42A3-9474-1A3956D46DE8}") = "CleanArchitecture", "CleanArchitecture", "{90D49753-7938-4F5F-899A-D0FAFE361F17}"
EndProject
Project("{9A19103F-16F7-4668-BE54-9A1E7A4F7556}") = "TGF.CA.Presentation", "TheGoodFramework\src\CleanArchitecture\TheGoodFramework.CA.Presentation\TGF.CA.Presentation.csproj", "{F0CA499C-1481-476F-8A8E-2A9FE95D9430}"
EndProject
Project("{9A19103F-16F7-4668-BE54-9A1E7A4F7556}") = "TGF.CA.Application", "TheGoodFramework\src\CleanArchitecture\TheGoodFramework.CA.Application\TGF.CA.Application.csproj", "{0D95F593-FB44-454E-8590-0A65E414A96A}"
EndProject
Project("{9A19103F-16F7-4668-BE54-9A1E7A4F7556}") = "TGF.CA.Domain", "TheGoodFramework\src\CleanArchitecture\TheGoodFramework.CA.Domain\TGF.CA.Domain.csproj", "{CFDDA308-1A45-4FFB-8AE5-E5A9BF6146FF}"
EndProject
Project("{2150E333-8FDC-42A3-9474-1A3956D46DE8}") = "Common", "Common", "{69DA6D50-8C15-4436-A2B7-612A7B1EC365}"
EndProject
Project("{9A19103F-16F7-4668-BE54-9A1E7A4F7556}") = "TGF.Common.Logging", "TheGoodFramework\src\Common\TheGoodFramework.Common.Logging\TGF.Common.Logging.csproj", "{ED59BD97-4D1F-4E40-8D6C-F0A8B5603FE9}"
EndProject
Project("{9A19103F-16F7-4668-BE54-9A1E7A4F7556}") = "TGF.Common.Extensions", "TheGoodFramework\src\Common\TheGoodFramework.Common.Extensions\TGF.Common.Extensions.csproj", "{0C72F13C-3875-45A3-9162-213306B24A11}"
EndProject
Project("{2150E333-8FDC-42A3-9474-1A3956D46DE8}") = "src", "src", "{78C20AE5-07C3-4348-A80E-35526B5FE51F}"
EndProject
Project("{9A19103F-16F7-4668-BE54-9A1E7A4F7556}") = "MandrilAPI", "src\MandrilAPI\MandrilAPI.csproj", "{4CA5AB91-BF61-4FC3-A606-B0981C247F1D}"
EndProject
Project("{9A19103F-16F7-4668-BE54-9A1E7A4F7556}") = "MandrilBot", "src\MandrilBot\MandrilBot.csproj", "{C90AAC57-835D-4841-AF8A-E118D3345044}"
EndProject
Project("{2150E333-8FDC-42A3-9474-1A3956D46DE8}") = "IntegrationTests", "IntegrationTests", "{FF4D1904-1EAC-494E-93CA-F905FDB723D7}"
EndProject
Project("{9A19103F-16F7-4668-BE54-9A1E7A4F7556}") = "Mandril.API.IntegrationTests", "Mandril.API.IntegrationTests\Mandril.API.IntegrationTests.csproj", "{536D9C68-5CCB-4E1A-BB58-FB51C5A6B5FF}"
EndProject
Project("{9A19103F-16F7-4668-BE54-9A1E7A4F7556}") = "TGF.Common.ROP", "..\GuildManagerSC\TheGoodFramework\src\Common\TheGoodFramework.Common.ROP\TGF.Common.ROP.csproj", "{3DEC22C5-3248-42FA-A59C-56142AF3F44A}"
EndProject
Global
	GlobalSection(SolutionConfigurationPlatforms) = preSolution
		Debug|Any CPU = Debug|Any CPU
		Release|Any CPU = Release|Any CPU
	EndGlobalSection
	GlobalSection(ProjectConfigurationPlatforms) = postSolution
		{F0CA499C-1481-476F-8A8E-2A9FE95D9430}.Debug|Any CPU.ActiveCfg = Debug|Any CPU
		{F0CA499C-1481-476F-8A8E-2A9FE95D9430}.Debug|Any CPU.Build.0 = Debug|Any CPU
		{F0CA499C-1481-476F-8A8E-2A9FE95D9430}.Release|Any CPU.ActiveCfg = Release|Any CPU
		{F0CA499C-1481-476F-8A8E-2A9FE95D9430}.Release|Any CPU.Build.0 = Release|Any CPU
		{0D95F593-FB44-454E-8590-0A65E414A96A}.Debug|Any CPU.ActiveCfg = Debug|Any CPU
		{0D95F593-FB44-454E-8590-0A65E414A96A}.Debug|Any CPU.Build.0 = Debug|Any CPU
		{0D95F593-FB44-454E-8590-0A65E414A96A}.Release|Any CPU.ActiveCfg = Release|Any CPU
		{0D95F593-FB44-454E-8590-0A65E414A96A}.Release|Any CPU.Build.0 = Release|Any CPU
		{CFDDA308-1A45-4FFB-8AE5-E5A9BF6146FF}.Debug|Any CPU.ActiveCfg = Debug|Any CPU
		{CFDDA308-1A45-4FFB-8AE5-E5A9BF6146FF}.Debug|Any CPU.Build.0 = Debug|Any CPU
		{CFDDA308-1A45-4FFB-8AE5-E5A9BF6146FF}.Release|Any CPU.ActiveCfg = Release|Any CPU
		{CFDDA308-1A45-4FFB-8AE5-E5A9BF6146FF}.Release|Any CPU.Build.0 = Release|Any CPU
		{ED59BD97-4D1F-4E40-8D6C-F0A8B5603FE9}.Debug|Any CPU.ActiveCfg = Debug|Any CPU
		{ED59BD97-4D1F-4E40-8D6C-F0A8B5603FE9}.Debug|Any CPU.Build.0 = Debug|Any CPU
		{ED59BD97-4D1F-4E40-8D6C-F0A8B5603FE9}.Release|Any CPU.ActiveCfg = Release|Any CPU
		{ED59BD97-4D1F-4E40-8D6C-F0A8B5603FE9}.Release|Any CPU.Build.0 = Release|Any CPU
		{0C72F13C-3875-45A3-9162-213306B24A11}.Debug|Any CPU.ActiveCfg = Debug|Any CPU
		{0C72F13C-3875-45A3-9162-213306B24A11}.Debug|Any CPU.Build.0 = Debug|Any CPU
		{0C72F13C-3875-45A3-9162-213306B24A11}.Release|Any CPU.ActiveCfg = Release|Any CPU
		{0C72F13C-3875-45A3-9162-213306B24A11}.Release|Any CPU.Build.0 = Release|Any CPU
		{4CA5AB91-BF61-4FC3-A606-B0981C247F1D}.Debug|Any CPU.ActiveCfg = Debug|Any CPU
		{4CA5AB91-BF61-4FC3-A606-B0981C247F1D}.Debug|Any CPU.Build.0 = Debug|Any CPU
		{4CA5AB91-BF61-4FC3-A606-B0981C247F1D}.Release|Any CPU.ActiveCfg = Release|Any CPU
		{4CA5AB91-BF61-4FC3-A606-B0981C247F1D}.Release|Any CPU.Build.0 = Release|Any CPU
		{C90AAC57-835D-4841-AF8A-E118D3345044}.Debug|Any CPU.ActiveCfg = Debug|Any CPU
		{C90AAC57-835D-4841-AF8A-E118D3345044}.Debug|Any CPU.Build.0 = Debug|Any CPU
		{C90AAC57-835D-4841-AF8A-E118D3345044}.Release|Any CPU.ActiveCfg = Release|Any CPU
		{C90AAC57-835D-4841-AF8A-E118D3345044}.Release|Any CPU.Build.0 = Release|Any CPU
		{536D9C68-5CCB-4E1A-BB58-FB51C5A6B5FF}.Debug|Any CPU.ActiveCfg = Debug|Any CPU
		{536D9C68-5CCB-4E1A-BB58-FB51C5A6B5FF}.Debug|Any CPU.Build.0 = Debug|Any CPU
		{536D9C68-5CCB-4E1A-BB58-FB51C5A6B5FF}.Release|Any CPU.ActiveCfg = Release|Any CPU
		{536D9C68-5CCB-4E1A-BB58-FB51C5A6B5FF}.Release|Any CPU.Build.0 = Release|Any CPU
		{3DEC22C5-3248-42FA-A59C-56142AF3F44A}.Debug|Any CPU.ActiveCfg = Debug|Any CPU
		{3DEC22C5-3248-42FA-A59C-56142AF3F44A}.Debug|Any CPU.Build.0 = Debug|Any CPU
		{3DEC22C5-3248-42FA-A59C-56142AF3F44A}.Release|Any CPU.ActiveCfg = Release|Any CPU
		{3DEC22C5-3248-42FA-A59C-56142AF3F44A}.Release|Any CPU.Build.0 = Release|Any CPU
	EndGlobalSection
	GlobalSection(SolutionProperties) = preSolution
		HideSolutionNode = FALSE
	EndGlobalSection
	GlobalSection(NestedProjects) = preSolution
		{F11AC887-C407-482C-B0C0-A477225A7C2D} = {0848298D-5AAC-4467-B70E-EFBC23254DFF}
		{90D49753-7938-4F5F-899A-D0FAFE361F17} = {F11AC887-C407-482C-B0C0-A477225A7C2D}
		{F0CA499C-1481-476F-8A8E-2A9FE95D9430} = {90D49753-7938-4F5F-899A-D0FAFE361F17}
		{0D95F593-FB44-454E-8590-0A65E414A96A} = {90D49753-7938-4F5F-899A-D0FAFE361F17}
		{CFDDA308-1A45-4FFB-8AE5-E5A9BF6146FF} = {90D49753-7938-4F5F-899A-D0FAFE361F17}
		{69DA6D50-8C15-4436-A2B7-612A7B1EC365} = {F11AC887-C407-482C-B0C0-A477225A7C2D}
		{ED59BD97-4D1F-4E40-8D6C-F0A8B5603FE9} = {69DA6D50-8C15-4436-A2B7-612A7B1EC365}
		{0C72F13C-3875-45A3-9162-213306B24A11} = {69DA6D50-8C15-4436-A2B7-612A7B1EC365}
		{4CA5AB91-BF61-4FC3-A606-B0981C247F1D} = {78C20AE5-07C3-4348-A80E-35526B5FE51F}
		{C90AAC57-835D-4841-AF8A-E118D3345044} = {78C20AE5-07C3-4348-A80E-35526B5FE51F}
		{536D9C68-5CCB-4E1A-BB58-FB51C5A6B5FF} = {FF4D1904-1EAC-494E-93CA-F905FDB723D7}
		{3DEC22C5-3248-42FA-A59C-56142AF3F44A} = {69DA6D50-8C15-4436-A2B7-612A7B1EC365}
	EndGlobalSection
	GlobalSection(ExtensibilityGlobals) = postSolution
		SolutionGuid = {AAF8175B-531E-4073-91F1-E5139E144583}
	EndGlobalSection
EndGlobal
